
Microsoft Visual Studio Solution File, Format Version 12.00
# Visual Studio Version 16
VisualStudioVersion = 16.0.29911.98
MinimumVisualStudioVersion = 10.0.40219.1
Project("{FAE04EC0-301F-11D3-BF4B-00C04F79EFBC}") = "Discord TestBot", "Discord TestBot.csproj", "{C42494A2-0EC9-4B17-9074-FF83BCD2D41E}"
EndProject
Global
	GlobalSection(SolutionConfigurationPlatforms) = preSolution
		Debug|Any CPU = Debug|Any CPU
		Release|Any CPU = Release|Any CPU
	EndGlobalSection
	GlobalSection(ProjectConfigurationPlatforms) = postSolution
		{C42494A2-0EC9-4B17-9074-FF83BCD2D41E}.Debug|Any CPU.ActiveCfg = Debug|Any CPU
		{C42494A2-0EC9-4B17-9074-FF83BCD2D41E}.Debug|Any CPU.Build.0 = Debug|Any CPU
		{C42494A2-0EC9-4B17-9074-FF83BCD2D41E}.Release|Any CPU.ActiveCfg = Release|Any CPU
		{C42494A2-0EC9-4B17-9074-FF83BCD2D41E}.Release|Any CPU.Build.0 = Release|Any CPU
	EndGlobalSection
	GlobalSection(SolutionProperties) = preSolution
		HideSolutionNode = FALSE
	EndGlobalSection
	GlobalSection(ExtensibilityGlobals) = postSolution
		SolutionGuid = {D53699AC-8346-44C6-BDE7-4BBD4B476E8A}
	EndGlobalSection
EndGlobal
